
Microsoft Visual Studio Solution File, Format Version 12.00
# Visual Studio Version 17
VisualStudioVersion = 17.11.35327.3
MinimumVisualStudioVersion = 10.0.40219.1
Project("{9A19103F-16F7-4668-BE54-9A1E7A4F7556}") = "NoviaVirtual.BackEnd", "NoviaVirtual.BackEnd\NoviaVirtual.BackEnd.csproj", "{2605E78E-955B-46FF-A6C3-CE34D6F0DBE7}"
EndProject
Project("{2150E333-8FDC-42A3-9474-1A3956D46DE8}") = "Solution Items", "Solution Items", "{8B3B2513-C8F1-49CD-815A-0796A7081E38}"
	ProjectSection(SolutionItems) = preProject
		.gitignore = .gitignore
	EndProjectSection
EndProject
Global
	GlobalSection(SolutionConfigurationPlatforms) = preSolution
		Debug|Any CPU = Debug|Any CPU
		Release|Any CPU = Release|Any CPU
	EndGlobalSection
	GlobalSection(ProjectConfigurationPlatforms) = postSolution
		{2605E78E-955B-46FF-A6C3-CE34D6F0DBE7}.Debug|Any CPU.ActiveCfg = Debug|Any CPU
		{2605E78E-955B-46FF-A6C3-CE34D6F0DBE7}.Debug|Any CPU.Build.0 = Debug|Any CPU
		{2605E78E-955B-46FF-A6C3-CE34D6F0DBE7}.Release|Any CPU.ActiveCfg = Release|Any CPU
		{2605E78E-955B-46FF-A6C3-CE34D6F0DBE7}.Release|Any CPU.Build.0 = Release|Any CPU
	EndGlobalSection
	GlobalSection(SolutionProperties) = preSolution
		HideSolutionNode = FALSE
	EndGlobalSection
	GlobalSection(ExtensibilityGlobals) = postSolution
		SolutionGuid = {AA4C0C59-91AC-4CB5-BB52-1D182248CA37}
	EndGlobalSection
EndGlobal
